
Microsoft Visual Studio Solution File, Format Version 12.00
# Visual Studio Version 17
VisualStudioVersion = 17.9.34622.214
MinimumVisualStudioVersion = 10.0.40219.1
Project("{9A19103F-16F7-4668-BE54-9A1E7A4F7556}") = "intro1", "intro1\intro1.csproj", "{EA9EE8B4-3FFF-4D67-90FB-9FD7A95157D3}"
EndProject
Global
	GlobalSection(SolutionConfigurationPlatforms) = preSolution
		Debug|Any CPU = Debug|Any CPU
		Release|Any CPU = Release|Any CPU
	EndGlobalSection
	GlobalSection(ProjectConfigurationPlatforms) = postSolution
		{EA9EE8B4-3FFF-4D67-90FB-9FD7A95157D3}.Debug|Any CPU.ActiveCfg = Debug|Any CPU
		{EA9EE8B4-3FFF-4D67-90FB-9FD7A95157D3}.Debug|Any CPU.Build.0 = Debug|Any CPU
		{EA9EE8B4-3FFF-4D67-90FB-9FD7A95157D3}.Release|Any CPU.ActiveCfg = Release|Any CPU
		{EA9EE8B4-3FFF-4D67-90FB-9FD7A95157D3}.Release|Any CPU.Build.0 = Release|Any CPU
	EndGlobalSection
	GlobalSection(SolutionProperties) = preSolution
		HideSolutionNode = FALSE
	EndGlobalSection
	GlobalSection(ExtensibilityGlobals) = postSolution
		SolutionGuid = {C0874A85-DEEF-4000-A663-722501638A7F}
	EndGlobalSection
EndGlobal
